
Microsoft Visual Studio Solution File, Format Version 12.00
# Visual Studio Version 16
VisualStudioVersion = 16.0.31729.503
MinimumVisualStudioVersion = 10.0.40219.1
Project("{FAE04EC0-301F-11D3-BF4B-00C04F79EFBC}") = "Elsa.Server", "Elsa.Server\Elsa.Server.csproj", "{B58B4549-1F91-436F-9C79-CE852E95772F}"
EndProject
Global
	GlobalSection(SolutionConfigurationPlatforms) = preSolution
		Debug|Any CPU = Debug|Any CPU
		Release|Any CPU = Release|Any CPU
	EndGlobalSection
	GlobalSection(ProjectConfigurationPlatforms) = postSolution
		{B58B4549-1F91-436F-9C79-CE852E95772F}.Debug|Any CPU.ActiveCfg = Debug|Any CPU
		{B58B4549-1F91-436F-9C79-CE852E95772F}.Debug|Any CPU.Build.0 = Debug|Any CPU
		{B58B4549-1F91-436F-9C79-CE852E95772F}.Release|Any CPU.ActiveCfg = Release|Any CPU
		{B58B4549-1F91-436F-9C79-CE852E95772F}.Release|Any CPU.Build.0 = Release|Any CPU
	EndGlobalSection
	GlobalSection(SolutionProperties) = preSolution
		HideSolutionNode = FALSE
	EndGlobalSection
	GlobalSection(ExtensibilityGlobals) = postSolution
		SolutionGuid = {68DAF61E-5217-4043-906D-2B2B8874630B}
	EndGlobalSection
EndGlobal
